
Microsoft Visual Studio Solution File, Format Version 12.00
# Visual Studio Version 17
VisualStudioVersion = 17.9.34622.214
MinimumVisualStudioVersion = 10.0.40219.1
Project("{8BC9CEB8-8B4A-11D0-8D11-00A0C91BC942}") = "Assembly", "Assembly\Assembly.vcxproj", "{494B584B-B568-4EB2-9A52-0F333E561FCA}"
EndProject
Global
	GlobalSection(SolutionConfigurationPlatforms) = preSolution
		Debug|x64 = Debug|x64
		Debug|x86 = Debug|x86
		Release|x64 = Release|x64
		Release|x86 = Release|x86
	EndGlobalSection
	GlobalSection(ProjectConfigurationPlatforms) = postSolution
		{494B584B-B568-4EB2-9A52-0F333E561FCA}.Debug|x64.ActiveCfg = Debug|x64
		{494B584B-B568-4EB2-9A52-0F333E561FCA}.Debug|x64.Build.0 = Debug|x64
		{494B584B-B568-4EB2-9A52-0F333E561FCA}.Debug|x86.ActiveCfg = Debug|Win32
		{494B584B-B568-4EB2-9A52-0F333E561FCA}.Debug|x86.Build.0 = Debug|Win32
		{494B584B-B568-4EB2-9A52-0F333E561FCA}.Release|x64.ActiveCfg = Release|x64
		{494B584B-B568-4EB2-9A52-0F333E561FCA}.Release|x64.Build.0 = Release|x64
		{494B584B-B568-4EB2-9A52-0F333E561FCA}.Release|x86.ActiveCfg = Release|Win32
		{494B584B-B568-4EB2-9A52-0F333E561FCA}.Release|x86.Build.0 = Release|Win32
	EndGlobalSection
	GlobalSection(SolutionProperties) = preSolution
		HideSolutionNode = FALSE
	EndGlobalSection
	GlobalSection(ExtensibilityGlobals) = postSolution
		SolutionGuid = {870C83E7-B508-42FF-99B0-CEC81D2D7248}
	EndGlobalSection
EndGlobal
